
Microsoft Visual Studio Solution File, Format Version 12.00
# Visual Studio 15
VisualStudioVersion = 15.0.27703.2047
MinimumVisualStudioVersion = 10.0.40219.1
Project("{FAE04EC0-301F-11D3-BF4B-00C04F79EFBC}") = "Main", "Main\Main.csproj", "{19C1E0EA-A12F-4125-A162-91D4530647FE}"
EndProject
Project("{FAE04EC0-301F-11D3-BF4B-00C04F79EFBC}") = "Entidades", "Entidades\Entidades.csproj", "{6E9C6402-B9C0-4D64-B3E4-A7F1E25C2929}"
EndProject
Global
	GlobalSection(SolutionConfigurationPlatforms) = preSolution
		Debug|Any CPU = Debug|Any CPU
		Release|Any CPU = Release|Any CPU
	EndGlobalSection
	GlobalSection(ProjectConfigurationPlatforms) = postSolution
		{19C1E0EA-A12F-4125-A162-91D4530647FE}.Debug|Any CPU.ActiveCfg = Debug|Any CPU
		{19C1E0EA-A12F-4125-A162-91D4530647FE}.Debug|Any CPU.Build.0 = Debug|Any CPU
		{19C1E0EA-A12F-4125-A162-91D4530647FE}.Release|Any CPU.ActiveCfg = Release|Any CPU
		{19C1E0EA-A12F-4125-A162-91D4530647FE}.Release|Any CPU.Build.0 = Release|Any CPU
		{6E9C6402-B9C0-4D64-B3E4-A7F1E25C2929}.Debug|Any CPU.ActiveCfg = Debug|Any CPU
		{6E9C6402-B9C0-4D64-B3E4-A7F1E25C2929}.Debug|Any CPU.Build.0 = Debug|Any CPU
		{6E9C6402-B9C0-4D64-B3E4-A7F1E25C2929}.Release|Any CPU.ActiveCfg = Release|Any CPU
		{6E9C6402-B9C0-4D64-B3E4-A7F1E25C2929}.Release|Any CPU.Build.0 = Release|Any CPU
	EndGlobalSection
	GlobalSection(SolutionProperties) = preSolution
		HideSolutionNode = FALSE
	EndGlobalSection
	GlobalSection(ExtensibilityGlobals) = postSolution
		SolutionGuid = {47875FF0-2CAD-470C-801E-0D77ED4C99C8}
	EndGlobalSection
EndGlobal
